
Microsoft Visual Studio Solution File, Format Version 12.00
# Visual Studio Version 16
VisualStudioVersion = 16.0.30330.147
MinimumVisualStudioVersion = 10.0.40219.1
Project("{2150E333-8FDC-42A3-9474-1A3956D46DE8}") = "src", "src", "{19CCBBDF-1136-4565-A3BC-C32AFAED44E1}"
EndProject
Project("{2150E333-8FDC-42A3-9474-1A3956D46DE8}") = "01 - Services", "01 - Services", "{8AD2FEA8-0E87-4BF4-ABCE-8422A4577D85}"
EndProject
Project("{2150E333-8FDC-42A3-9474-1A3956D46DE8}") = "02 - Application", "02 - Application", "{2F684BF3-69A2-46A5-9648-AA15BB0E87B9}"
EndProject
Project("{2150E333-8FDC-42A3-9474-1A3956D46DE8}") = "03 - Domain", "03 - Domain", "{61703F4F-17A8-4FD6-99A6-141DBA0D0E2A}"
EndProject
Project("{2150E333-8FDC-42A3-9474-1A3956D46DE8}") = "04 - Infrastructure", "04 - Infrastructure", "{1154028A-2FB4-4638-8DB7-122EA1865D5C}"
EndProject
Project("{9A19103F-16F7-4668-BE54-9A1E7A4F7556}") = "ToBrasil.Domain", "src\ToBrasil.Domain\ToBrasil.Domain.csproj", "{8B5F9323-16B4-4F7B-B38D-F7CC37FEA39B}"
EndProject
Project("{9A19103F-16F7-4668-BE54-9A1E7A4F7556}") = "ToBrasil.Application", "src\ToBrasil.Application\ToBrasil.Application.csproj", "{7AFC34B8-4075-44CC-B3EE-5168E740973A}"
EndProject
Project("{9A19103F-16F7-4668-BE54-9A1E7A4F7556}") = "ToBrasil.Infrastructure.Data", "src\ToBrasil.Infrastructure.Data\ToBrasil.Infrastructure.Data.csproj", "{F4C84479-7203-4FBA-88CD-CAE72A6A67A3}"
EndProject
Project("{9A19103F-16F7-4668-BE54-9A1E7A4F7556}") = "ToBrasil.Infrastructure.IoC", "src\ToBrasil.Infrastructure.IoC\ToBrasil.Infrastructure.IoC.csproj", "{4DCFFFCA-55C0-431A-B246-85AC31ECFE8F}"
EndProject
Project("{9A19103F-16F7-4668-BE54-9A1E7A4F7556}") = "ToBrasil.Infrastructure.Identity", "src\ToBrasil.Infrastructure.Identity\ToBrasil.Infrastructure.Identity.csproj", "{6FEDDE81-C09C-4F8A-9E43-669497E3110B}"
EndProject
Project("{FAE04EC0-301F-11D3-BF4B-00C04F79EFBC}") = "ToBrasil.Service.API", "src\ToBrasil.Service.API\ToBrasil.Service.API.csproj", "{F084258D-AC30-41C1-867F-A3E63396B20D}"
EndProject
Project("{E53339B2-1760-4266-BCC7-CA923CBCF16C}") = "docker-compose", "docker-compose.dcproj", "{485A5A11-9929-4378-854E-5A47D486E310}"
EndProject
Global
	GlobalSection(SolutionConfigurationPlatforms) = preSolution
		Debug|Any CPU = Debug|Any CPU
		Release|Any CPU = Release|Any CPU
	EndGlobalSection
	GlobalSection(ProjectConfigurationPlatforms) = postSolution
		{8B5F9323-16B4-4F7B-B38D-F7CC37FEA39B}.Debug|Any CPU.ActiveCfg = Debug|Any CPU
		{8B5F9323-16B4-4F7B-B38D-F7CC37FEA39B}.Debug|Any CPU.Build.0 = Debug|Any CPU
		{8B5F9323-16B4-4F7B-B38D-F7CC37FEA39B}.Release|Any CPU.ActiveCfg = Release|Any CPU
		{8B5F9323-16B4-4F7B-B38D-F7CC37FEA39B}.Release|Any CPU.Build.0 = Release|Any CPU
		{7AFC34B8-4075-44CC-B3EE-5168E740973A}.Debug|Any CPU.ActiveCfg = Debug|Any CPU
		{7AFC34B8-4075-44CC-B3EE-5168E740973A}.Debug|Any CPU.Build.0 = Debug|Any CPU
		{7AFC34B8-4075-44CC-B3EE-5168E740973A}.Release|Any CPU.ActiveCfg = Release|Any CPU
		{7AFC34B8-4075-44CC-B3EE-5168E740973A}.Release|Any CPU.Build.0 = Release|Any CPU
		{F4C84479-7203-4FBA-88CD-CAE72A6A67A3}.Debug|Any CPU.ActiveCfg = Debug|Any CPU
		{F4C84479-7203-4FBA-88CD-CAE72A6A67A3}.Debug|Any CPU.Build.0 = Debug|Any CPU
		{F4C84479-7203-4FBA-88CD-CAE72A6A67A3}.Release|Any CPU.ActiveCfg = Release|Any CPU
		{F4C84479-7203-4FBA-88CD-CAE72A6A67A3}.Release|Any CPU.Build.0 = Release|Any CPU
		{4DCFFFCA-55C0-431A-B246-85AC31ECFE8F}.Debug|Any CPU.ActiveCfg = Debug|Any CPU
		{4DCFFFCA-55C0-431A-B246-85AC31ECFE8F}.Debug|Any CPU.Build.0 = Debug|Any CPU
		{4DCFFFCA-55C0-431A-B246-85AC31ECFE8F}.Release|Any CPU.ActiveCfg = Release|Any CPU
		{4DCFFFCA-55C0-431A-B246-85AC31ECFE8F}.Release|Any CPU.Build.0 = Release|Any CPU
		{6FEDDE81-C09C-4F8A-9E43-669497E3110B}.Debug|Any CPU.ActiveCfg = Debug|Any CPU
		{6FEDDE81-C09C-4F8A-9E43-669497E3110B}.Debug|Any CPU.Build.0 = Debug|Any CPU
		{6FEDDE81-C09C-4F8A-9E43-669497E3110B}.Release|Any CPU.ActiveCfg = Release|Any CPU
		{6FEDDE81-C09C-4F8A-9E43-669497E3110B}.Release|Any CPU.Build.0 = Release|Any CPU
		{F084258D-AC30-41C1-867F-A3E63396B20D}.Debug|Any CPU.ActiveCfg = Debug|Any CPU
		{F084258D-AC30-41C1-867F-A3E63396B20D}.Debug|Any CPU.Build.0 = Debug|Any CPU
		{F084258D-AC30-41C1-867F-A3E63396B20D}.Release|Any CPU.ActiveCfg = Release|Any CPU
		{F084258D-AC30-41C1-867F-A3E63396B20D}.Release|Any CPU.Build.0 = Release|Any CPU
		{485A5A11-9929-4378-854E-5A47D486E310}.Debug|Any CPU.ActiveCfg = Debug|Any CPU
		{485A5A11-9929-4378-854E-5A47D486E310}.Debug|Any CPU.Build.0 = Debug|Any CPU
		{485A5A11-9929-4378-854E-5A47D486E310}.Release|Any CPU.ActiveCfg = Release|Any CPU
		{485A5A11-9929-4378-854E-5A47D486E310}.Release|Any CPU.Build.0 = Release|Any CPU
	EndGlobalSection
	GlobalSection(SolutionProperties) = preSolution
		HideSolutionNode = FALSE
	EndGlobalSection
	GlobalSection(NestedProjects) = preSolution
		{8AD2FEA8-0E87-4BF4-ABCE-8422A4577D85} = {19CCBBDF-1136-4565-A3BC-C32AFAED44E1}
		{2F684BF3-69A2-46A5-9648-AA15BB0E87B9} = {19CCBBDF-1136-4565-A3BC-C32AFAED44E1}
		{61703F4F-17A8-4FD6-99A6-141DBA0D0E2A} = {19CCBBDF-1136-4565-A3BC-C32AFAED44E1}
		{1154028A-2FB4-4638-8DB7-122EA1865D5C} = {19CCBBDF-1136-4565-A3BC-C32AFAED44E1}
		{8B5F9323-16B4-4F7B-B38D-F7CC37FEA39B} = {61703F4F-17A8-4FD6-99A6-141DBA0D0E2A}
		{7AFC34B8-4075-44CC-B3EE-5168E740973A} = {2F684BF3-69A2-46A5-9648-AA15BB0E87B9}
		{F4C84479-7203-4FBA-88CD-CAE72A6A67A3} = {1154028A-2FB4-4638-8DB7-122EA1865D5C}
		{4DCFFFCA-55C0-431A-B246-85AC31ECFE8F} = {1154028A-2FB4-4638-8DB7-122EA1865D5C}
		{6FEDDE81-C09C-4F8A-9E43-669497E3110B} = {1154028A-2FB4-4638-8DB7-122EA1865D5C}
		{F084258D-AC30-41C1-867F-A3E63396B20D} = {8AD2FEA8-0E87-4BF4-ABCE-8422A4577D85}
	EndGlobalSection
	GlobalSection(ExtensibilityGlobals) = postSolution
		SolutionGuid = {BBAD99CE-8B7F-496A-9F49-27AF2076397C}
	EndGlobalSection
EndGlobal
